
Microsoft Visual Studio Solution File, Format Version 12.00
# Visual Studio Version 16
VisualStudioVersion = 16.0.32630.194
MinimumVisualStudioVersion = 10.0.40219.1
Project("{FAE04EC0-301F-11D3-BF4B-00C04F79EFBC}") = "Calculadora.BEF.Web", "Calculadora.BEF.Web\Calculadora.BEF.Web.csproj", "{2BF8EF56-ADAA-450A-AD61-F6F55931B913}"
EndProject
Project("{FAE04EC0-301F-11D3-BF4B-00C04F79EFBC}") = "Calculadora.BEP.Business", "Calculadora.BEP.Business\Calculadora.BEP.Business.csproj", "{C7362BB4-7807-4EE7-8E05-A735575560B8}"
EndProject
Project("{FAE04EC0-301F-11D3-BF4B-00C04F79EFBC}") = "Calculadora.BFP.Model", "Calculadora.BFP.Model\Calculadora.BFP.Model.csproj", "{373E8CBE-93BF-47E3-9D4D-CF9FBD39B249}"
EndProject
Global
	GlobalSection(SolutionConfigurationPlatforms) = preSolution
		Debug|Any CPU = Debug|Any CPU
		Release|Any CPU = Release|Any CPU
	EndGlobalSection
	GlobalSection(ProjectConfigurationPlatforms) = postSolution
		{2BF8EF56-ADAA-450A-AD61-F6F55931B913}.Debug|Any CPU.ActiveCfg = Debug|Any CPU
		{2BF8EF56-ADAA-450A-AD61-F6F55931B913}.Debug|Any CPU.Build.0 = Debug|Any CPU
		{2BF8EF56-ADAA-450A-AD61-F6F55931B913}.Release|Any CPU.ActiveCfg = Release|Any CPU
		{2BF8EF56-ADAA-450A-AD61-F6F55931B913}.Release|Any CPU.Build.0 = Release|Any CPU
		{C7362BB4-7807-4EE7-8E05-A735575560B8}.Debug|Any CPU.ActiveCfg = Debug|Any CPU
		{C7362BB4-7807-4EE7-8E05-A735575560B8}.Debug|Any CPU.Build.0 = Debug|Any CPU
		{C7362BB4-7807-4EE7-8E05-A735575560B8}.Release|Any CPU.ActiveCfg = Release|Any CPU
		{C7362BB4-7807-4EE7-8E05-A735575560B8}.Release|Any CPU.Build.0 = Release|Any CPU
		{373E8CBE-93BF-47E3-9D4D-CF9FBD39B249}.Debug|Any CPU.ActiveCfg = Debug|Any CPU
		{373E8CBE-93BF-47E3-9D4D-CF9FBD39B249}.Debug|Any CPU.Build.0 = Debug|Any CPU
		{373E8CBE-93BF-47E3-9D4D-CF9FBD39B249}.Release|Any CPU.ActiveCfg = Release|Any CPU
		{373E8CBE-93BF-47E3-9D4D-CF9FBD39B249}.Release|Any CPU.Build.0 = Release|Any CPU
	EndGlobalSection
	GlobalSection(SolutionProperties) = preSolution
		HideSolutionNode = FALSE
	EndGlobalSection
	GlobalSection(ExtensibilityGlobals) = postSolution
		SolutionGuid = {4E9912ED-D661-4635-9F16-4104A2C9064B}
	EndGlobalSection
EndGlobal
